# This file was autogenerated by Stack.
# You should not edit this file by hand.
# For more information, please see the documentation at:
#   https://docs.haskellstack.org/en/stable/lock_files

packages:
- completed:
    hackage: xdg-userdirs-0.1.0.2@sha256:4b25de32b6c6df0ce786a95ddded833980d03149c370414b1d7f5177016bec24,1124
    pantry-tree:
      size: 230
      sha256: 76b0f2bfb730683d1d5dcdd949a728bd3d4b52ea9950191a63c81dd53a5a7b7c
  original:
    hackage: xdg-userdirs-0.1.0.2
snapshots:
- completed:
    size: 532380
    url: https://raw.githubusercontent.com/commercialhaskell/stackage-snapshots/master/lts/16/9.yaml
    sha256: 14a7cec114424e4286adde73364438927a553ed248cc50f069a30a67e3ee1e69
  original: lts-16.9
